PODS:
  - BigInt (5.2.0)
  - connectivity_plus (0.0.1):
    - Flutter
    - FlutterMacOS
  - curvelib.swift (1.0.1)
  - Flutter (1.0.0)
  - flutter_native_splash (0.0.1):
    - Flutter
  - geolocator_apple (1.2.0):
    - Flutter
  - KeychainSwift (20.0.0)
  - mapbox_maps_flutter (2.1.0):
    - Flutter
    - MapboxMaps (~> 11.5.1)
    - Turf (= 2.8.0)
  - MapboxCommon (24.5.0)
  - MapboxCoreMaps (11.5.3):
    - MapboxCommon (~> 24.5)
  - MapboxMaps (11.5.2):
    - MapboxCommon (= 24.5.0)
    - MapboxCoreMaps (= 11.5.3)
    - Turf (= 2.8.0)
  - path_provider_foundation (0.0.1):
    - Flutter
    - FlutterMacOS
  - TorusSessionManager (4.0.2):
    - curvelib.swift (~> 1.0.1)
    - KeychainSwift (~> 20.0.0)
  - Turf (2.8.0)
  - url_launcher_ios (0.0.1):
    - Flutter
  - Web3Auth (9.0.0):
    - BigInt (~> 5.2.0)
    - curvelib.swift (~> 1.0.1)
    - KeychainSwift (~> 20.0.0)
    - TorusSessionManager (~> 4.0.2)
  - web3auth_flutter (2.0.1):
    - Flutter
    - Web3Auth (~> 9.0.0)

DEPENDENCIES:
  - connectivity_plus (from `.symlinks/plugins/connectivity_plus/darwin`)
  - Flutter (from `Flutter`)
  - flutter_native_splash (from `.symlinks/plugins/flutter_native_splash/ios`)
  - geolocator_apple (from `.symlinks/plugins/geolocator_apple/ios`)
  - mapbox_maps_flutter (from `.symlinks/plugins/mapbox_maps_flutter/ios`)
  - path_provider_foundation (from `.symlinks/plugins/path_provider_foundation/darwin`)
  - url_launcher_ios (from `.symlinks/plugins/url_launcher_ios/ios`)
  - web3auth_flutter (from `.symlinks/plugins/web3auth_flutter/ios`)

SPEC REPOS:
  trunk:
    - BigInt
    - curvelib.swift
    - KeychainSwift
    - MapboxCommon
    - MapboxCoreMaps
    - MapboxMaps
    - TorusSessionManager
    - Turf
    - Web3Auth

EXTERNAL SOURCES:
  connectivity_plus:
    :path: ".symlinks/plugins/connectivity_plus/darwin"
  Flutter:
    :path: Flutter
  flutter_native_splash:
    :path: ".symlinks/plugins/flutter_native_splash/ios"
  geolocator_apple:
    :path: ".symlinks/plugins/geolocator_apple/ios"
  mapbox_maps_flutter:
    :path: ".symlinks/plugins/mapbox_maps_flutter/ios"
  path_provider_foundation:
    :path: ".symlinks/plugins/path_provider_foundation/darwin"
  url_launcher_ios:
    :path: ".symlinks/plugins/url_launcher_ios/ios"
  web3auth_flutter:
    :path: ".symlinks/plugins/web3auth_flutter/ios"

SPEC CHECKSUMS:
  BigInt: f668a80089607f521586bbe29513d708491ef2f7
  connectivity_plus: ddd7f30999e1faaef5967c23d5b6d503d10434db
  curvelib.swift: d0746ae82bee34016c06da3567a97e493b3c979f
  Flutter: e0871f40cf51350855a761d2e70bf5af5b9b5de7
  flutter_native_splash: edf599c81f74d093a4daf8e17bd7a018854bc778
  geolocator_apple: 6cbaf322953988e009e5ecb481f07efece75c450
  KeychainSwift: 0ce6a4d13f7228054d1a71bb1b500448fb2ab837
  mapbox_maps_flutter: c7e9ddad4b3e7e68397fc0f8643ff408913dc44f
  MapboxCommon: c69a04a1accd77650372c96d8978a15ed1d95186
  MapboxCoreMaps: 127a3a6f68bc54d21008835b1bdf94be7a79792a
  MapboxMaps: c781bae1bcb8b17dd63b0f130ef80605ceb72ac9
  path_provider_foundation: 2b6b4c569c0fb62ec74538f866245ac84301af46
  TorusSessionManager: 05a1a8f3265d0949a1a342c4ba2c52882445b614
  Turf: aa2ede4298009639d10db36aba1a7ebaad072a5e
  url_launcher_ios: 5334b05cef931de560670eeae103fd3e431ac3fe
  Web3Auth: 086b5152a43df347ceff196c0ce67f6330838884
  web3auth_flutter: bc5ffefe573c72f7fb1814573269952b045b7b22

PODFILE CHECKSUM: 604a63cda5e7efe03719255062cb33cd146cc26a

COCOAPODS: 1.15.2
